
Microsoft Visual Studio Solution File, Format Version 12.00
# Visual Studio Version 16
VisualStudioVersion = 16.0.30114.105
MinimumVisualStudioVersion = 10.0.40219.1
Project("{FAE04EC0-301F-11D3-BF4B-00C04F79EFBC}") = "final-BS", "final-BS.csproj", "{59508FC1-43F6-4A95-9CE1-82D68509E6CC}"
EndProject
Global
	GlobalSection(SolutionConfigurationPlatforms) = preSolution
		Debug|Any CPU = Debug|Any CPU
		Release|Any CPU = Release|Any CPU
	EndGlobalSection
	GlobalSection(ProjectConfigurationPlatforms) = postSolution
		{59508FC1-43F6-4A95-9CE1-82D68509E6CC}.Debug|Any CPU.ActiveCfg = Debug|Any CPU
		{59508FC1-43F6-4A95-9CE1-82D68509E6CC}.Debug|Any CPU.Build.0 = Debug|Any CPU
		{59508FC1-43F6-4A95-9CE1-82D68509E6CC}.Release|Any CPU.ActiveCfg = Release|Any CPU
		{59508FC1-43F6-4A95-9CE1-82D68509E6CC}.Release|Any CPU.Build.0 = Release|Any CPU
	EndGlobalSection
	GlobalSection(SolutionProperties) = preSolution
		HideSolutionNode = FALSE
	EndGlobalSection
	GlobalSection(ExtensibilityGlobals) = postSolution
		SolutionGuid = {C16D8E26-0CE5-4C90-BD6F-53D146995419}
	EndGlobalSection
EndGlobal
